
Microsoft Visual Studio Solution File, Format Version 12.00
Project("{FAE04EC0-301F-11D3-BF4B-00C04F79EFBC}") = "SightSeeing.DAL", "SightSeeing.DAL\SightSeeing.DAL.csproj", "{637D34E9-8167-4AEB-84B1-DC9E8B35FAD5}"
EndProject
Project("{FAE04EC0-301F-11D3-BF4B-00C04F79EFBC}") = "SightSeeing.Abstraction", "SightSeeing.Abstraction\SightSeeing.Abstraction.csproj", "{A451D616-B18D-4C2E-AC3D-80517AD896EF}"
EndProject
Project("{FAE04EC0-301F-11D3-BF4B-00C04F79EFBC}") = "SightSeeing.Entities", "SightSeeing.Entities\SightSeeing.Entities.csproj", "{ED04C575-B58B-490F-9A04-7EAB72D3C59D}"
EndProject
Global
	GlobalSection(SolutionConfigurationPlatforms) = preSolution
		Debug|Any CPU = Debug|Any CPU
		Release|Any CPU = Release|Any CPU
	EndGlobalSection
	GlobalSection(ProjectConfigurationPlatforms) = postSolution
		{637D34E9-8167-4AEB-84B1-DC9E8B35FAD5}.Debug|Any CPU.ActiveCfg = Debug|Any CPU
		{637D34E9-8167-4AEB-84B1-DC9E8B35FAD5}.Debug|Any CPU.Build.0 = Debug|Any CPU
		{637D34E9-8167-4AEB-84B1-DC9E8B35FAD5}.Release|Any CPU.ActiveCfg = Release|Any CPU
		{637D34E9-8167-4AEB-84B1-DC9E8B35FAD5}.Release|Any CPU.Build.0 = Release|Any CPU
		{A451D616-B18D-4C2E-AC3D-80517AD896EF}.Debug|Any CPU.ActiveCfg = Debug|Any CPU
		{A451D616-B18D-4C2E-AC3D-80517AD896EF}.Debug|Any CPU.Build.0 = Debug|Any CPU
		{A451D616-B18D-4C2E-AC3D-80517AD896EF}.Release|Any CPU.ActiveCfg = Release|Any CPU
		{A451D616-B18D-4C2E-AC3D-80517AD896EF}.Release|Any CPU.Build.0 = Release|Any CPU
		{ED04C575-B58B-490F-9A04-7EAB72D3C59D}.Debug|Any CPU.ActiveCfg = Debug|Any CPU
		{ED04C575-B58B-490F-9A04-7EAB72D3C59D}.Debug|Any CPU.Build.0 = Debug|Any CPU
		{ED04C575-B58B-490F-9A04-7EAB72D3C59D}.Release|Any CPU.ActiveCfg = Release|Any CPU
		{ED04C575-B58B-490F-9A04-7EAB72D3C59D}.Release|Any CPU.Build.0 = Release|Any CPU
	EndGlobalSection
EndGlobal
